
Microsoft Visual Studio Solution File, Format Version 12.00
# Visual Studio Version 16
VisualStudioVersion = 16.0.29306.81
MinimumVisualStudioVersion = 10.0.40219.1
Project("{FAE04EC0-301F-11D3-BF4B-00C04F79EFBC}") = "MathQuiz", "MathQuiz\MathQuiz.csproj", "{3B492BF3-96C1-4220-B059-7DD2E26D8F40}"
EndProject
Global
	GlobalSection(SolutionConfigurationPlatforms) = preSolution
		Debug|Any CPU = Debug|Any CPU
		Release|Any CPU = Release|Any CPU
	EndGlobalSection
	GlobalSection(ProjectConfigurationPlatforms) = postSolution
		{3B492BF3-96C1-4220-B059-7DD2E26D8F40}.Debug|Any CPU.ActiveCfg = Debug|Any CPU
		{3B492BF3-96C1-4220-B059-7DD2E26D8F40}.Debug|Any CPU.Build.0 = Debug|Any CPU
		{3B492BF3-96C1-4220-B059-7DD2E26D8F40}.Release|Any CPU.ActiveCfg = Release|Any CPU
		{3B492BF3-96C1-4220-B059-7DD2E26D8F40}.Release|Any CPU.Build.0 = Release|Any CPU
	EndGlobalSection
	GlobalSection(SolutionProperties) = preSolution
		HideSolutionNode = FALSE
	EndGlobalSection
	GlobalSection(ExtensibilityGlobals) = postSolution
		SolutionGuid = {A3C7B96A-D73D-4DEF-9227-2831B7A9F76F}
	EndGlobalSection
EndGlobal
